
Microsoft Visual Studio Solution File, Format Version 12.00
# Visual Studio Version 17
VisualStudioVersion = 17.8.34330.188
MinimumVisualStudioVersion = 10.0.40219.1
Project("{9A19103F-16F7-4668-BE54-9A1E7A4F7556}") = "FastACH", "src\FastACH\FastACH.csproj", "{65A68EEA-8FF0-4243-AEE5-9720B3631680}"
EndProject
Project("{2150E333-8FDC-42A3-9474-1A3956D46DE8}") = "src", "src", "{24773974-0AA7-4B86-B155-DC37FD2AF877}"
EndProject
Project("{2150E333-8FDC-42A3-9474-1A3956D46DE8}") = "tests", "tests", "{004AAAE5-A97B-4C28-BE0E-605A59E49B3C}"
EndProject
Project("{9A19103F-16F7-4668-BE54-9A1E7A4F7556}") = "FastACH.Tests", "tests\FastACH.Tests\FastACH.Tests.csproj", "{062EAD7B-5FA4-4C29-9EB8-FD4B153BF820}"
EndProject
Project("{2150E333-8FDC-42A3-9474-1A3956D46DE8}") = "Solution Items", "Solution Items", "{80F68839-BD77-4C1F-A647-FCE24D897569}"
	ProjectSection(SolutionItems) = preProject
		.gitignore = .gitignore
		Directory.Build.props = Directory.Build.props
		LICENSE = LICENSE
		nuget.config = nuget.config
		README.md = README.md
	EndProjectSection
EndProject
Project("{2150E333-8FDC-42A3-9474-1A3956D46DE8}") = ".circleci", ".circleci", "{9818770F-1D39-4CD6-862E-DCC1AB20CBAF}"
	ProjectSection(SolutionItems) = preProject
		.circleci\config.yml = .circleci\config.yml
	EndProjectSection
EndProject
Project("{2150E333-8FDC-42A3-9474-1A3956D46DE8}") = "examples", "examples", "{48808604-49A1-462F-AC55-491E0E299FBE}"
EndProject
Project("{FAE04EC0-301F-11D3-BF4B-00C04F79EFBC}") = "FastACH.ReadToConsole", "examples\FastACH.ReadToConsole\FastACH.ReadToConsole.csproj", "{7DCF3A6C-60F7-4292-89E5-5D81E60417FE}"
EndProject
Project("{FAE04EC0-301F-11D3-BF4B-00C04F79EFBC}") = "FastAch.ChoetlNacha", "examples\FastAch.ChoetlNacha\FastAch.ChoetlNacha.csproj", "{B74C8264-B9F8-49DA-87C2-79A7CAD50F1D}"
EndProject
Global
	GlobalSection(SolutionConfigurationPlatforms) = preSolution
		Debug|Any CPU = Debug|Any CPU
		Release|Any CPU = Release|Any CPU
	EndGlobalSection
	GlobalSection(ProjectConfigurationPlatforms) = postSolution
		{65A68EEA-8FF0-4243-AEE5-9720B3631680}.Debug|Any CPU.ActiveCfg = Debug|Any CPU
		{65A68EEA-8FF0-4243-AEE5-9720B3631680}.Debug|Any CPU.Build.0 = Debug|Any CPU
		{65A68EEA-8FF0-4243-AEE5-9720B3631680}.Release|Any CPU.ActiveCfg = Release|Any CPU
		{65A68EEA-8FF0-4243-AEE5-9720B3631680}.Release|Any CPU.Build.0 = Release|Any CPU
		{062EAD7B-5FA4-4C29-9EB8-FD4B153BF820}.Debug|Any CPU.ActiveCfg = Debug|Any CPU
		{062EAD7B-5FA4-4C29-9EB8-FD4B153BF820}.Debug|Any CPU.Build.0 = Debug|Any CPU
		{062EAD7B-5FA4-4C29-9EB8-FD4B153BF820}.Release|Any CPU.ActiveCfg = Release|Any CPU
		{062EAD7B-5FA4-4C29-9EB8-FD4B153BF820}.Release|Any CPU.Build.0 = Release|Any CPU
		{7DCF3A6C-60F7-4292-89E5-5D81E60417FE}.Debug|Any CPU.ActiveCfg = Debug|Any CPU
		{7DCF3A6C-60F7-4292-89E5-5D81E60417FE}.Debug|Any CPU.Build.0 = Debug|Any CPU
		{7DCF3A6C-60F7-4292-89E5-5D81E60417FE}.Release|Any CPU.ActiveCfg = Release|Any CPU
		{7DCF3A6C-60F7-4292-89E5-5D81E60417FE}.Release|Any CPU.Build.0 = Release|Any CPU
		{B74C8264-B9F8-49DA-87C2-79A7CAD50F1D}.Debug|Any CPU.ActiveCfg = Debug|Any CPU
		{B74C8264-B9F8-49DA-87C2-79A7CAD50F1D}.Debug|Any CPU.Build.0 = Debug|Any CPU
		{B74C8264-B9F8-49DA-87C2-79A7CAD50F1D}.Release|Any CPU.ActiveCfg = Release|Any CPU
		{B74C8264-B9F8-49DA-87C2-79A7CAD50F1D}.Release|Any CPU.Build.0 = Release|Any CPU
	EndGlobalSection
	GlobalSection(SolutionProperties) = preSolution
		HideSolutionNode = FALSE
	EndGlobalSection
	GlobalSection(NestedProjects) = preSolution
		{65A68EEA-8FF0-4243-AEE5-9720B3631680} = {24773974-0AA7-4B86-B155-DC37FD2AF877}
		{062EAD7B-5FA4-4C29-9EB8-FD4B153BF820} = {004AAAE5-A97B-4C28-BE0E-605A59E49B3C}
		{9818770F-1D39-4CD6-862E-DCC1AB20CBAF} = {80F68839-BD77-4C1F-A647-FCE24D897569}
		{7DCF3A6C-60F7-4292-89E5-5D81E60417FE} = {48808604-49A1-462F-AC55-491E0E299FBE}
		{B74C8264-B9F8-49DA-87C2-79A7CAD50F1D} = {48808604-49A1-462F-AC55-491E0E299FBE}
	EndGlobalSection
	GlobalSection(ExtensibilityGlobals) = postSolution
		SolutionGuid = {FBBA2E05-4AB4-4619-9E7A-0ED55C7E6E8B}
	EndGlobalSection
EndGlobal
